// !$*UTF8*$!
{
	archiveVersion = 1;
	classes = {
	};
	objectVersion = 55;
	objects = {

/* Begin PBXBuildFile section */
		116D93C82819F87300FD765C /* Kingfisher in Frameworks */ = {isa = PBXBuildFile; productRef = 116D93C72819F87300FD765C /* Kingfisher */; };
		116D93D32819F87300FD765C /* CustomTextView.swift in Sources */ = {isa = PBXBuildFile; fileRef = 116D93D22819F87300FD765C /* CustomTextView.swift */; };
		116D93DD2819F87300FD765C /* ExtensionViewEditor.swift in Sources */ = {isa = PBXBuildFile; fileRef = 116D93DC2819F87300FD765C /* ExtensionViewEditor.swift */; };
		116E335328194E92000D6BBF /* UserAction.swift in Sources */ = {isa = PBXBuildFile; fileRef = 116E335228194E92000D6BBF /* UserAction.swift */; };
		116E335528195047000D6BBF /* Types.swift in Sources */ = {isa = PBXBuildFile; fileRef = 116E335428195047000D6BBF /* Types.swift */; };
		116E33582819562C000D6BBF /* Store.swift in Sources */ = {isa = PBXBuildFile; fileRef = 116E33572819562C000D6BBF /* Store.swift */; };
		11702760281D00E7003B445D /* CustomTableView.swift in Sources */ = {isa = PBXBuildFile; fileRef = 1170275F281D00E7003B445D /* CustomTableView.swift */; };
		1170276A281D1E54003B445D /* MainContainerController.swift in Sources */ = {isa = PBXBuildFile; fileRef = 11702769281D1E54003B445D /* MainContainerController.swift */; };
		11768D9E28195DF600B68C3D /* ReSwift in Frameworks */ = {isa = PBXBuildFile; productRef = 11768D9D28195DF600B68C3D /* ReSwift */; };
		1176AFBF281AEAC600B0B372 /* AboutYouController.swift in Sources */ = {isa = PBXBuildFile; fileRef = 1176AFBE281AEAC600B0B372 /* AboutYouController.swift */; };
		1184C28D281B140500945E9D /* ExtensionForTextView.swift in Sources */ = {isa = PBXBuildFile; fileRef = 1184C28C281B140500945E9D /* ExtensionForTextView.swift */; };
		118A1768281D7ADF007B3EAD /* ProfileController.swift in Sources */ = {isa = PBXBuildFile; fileRef = 118A1767281D7ADF007B3EAD /* ProfileController.swift */; };
		118A1772281D80B4007B3EAD /* LabelTableView.swift in Sources */ = {isa = PBXBuildFile; fileRef = 118A1771281D80B4007B3EAD /* LabelTableView.swift */; };
		118EED812823272E00113520 /* UserViewCell.swift in Sources */ = {isa = PBXBuildFile; fileRef = 118EED7F2823272E00113520 /* UserViewCell.swift */; };
		118EED822823272E00113520 /* UserViewCell.xib in Resources */ = {isa = PBXBuildFile; fileRef = 118EED802823272E00113520 /* UserViewCell.xib */; };
		118EED842823272E00113520 /* UserCollectionController.swift in Sources */ = {isa = PBXBuildFile; fileRef = 118EED832823272E00113520 /* UserCollectionController.swift */; };
		11B29CB72817ED4D00A32126 /* AppDelegate.swift in Sources */ = {isa = PBXBuildFile; fileRef = 11B29CB62817ED4D00A32126 /* AppDelegate.swift */; };
		11B29CB92817ED4D00A32126 /* SceneDelegate.swift in Sources */ = {isa = PBXBuildFile; fileRef = 11B29CB82817ED4D00A32126 /* SceneDelegate.swift */; };
		11B29CBB2817ED4D00A32126 /* ViewController.swift in Sources */ = {isa = PBXBuildFile; fileRef = 11B29CBA2817ED4D00A32126 /* ViewController.swift */; };
		11B29CBE2817ED4D00A32126 /* Main.storyboard in Resources */ = {isa = PBXBuildFile; fileRef = 11B29CBC2817ED4D00A32126 /* Main.storyboard */; };
		11B29CC02817ED5000A32126 /* Assets.xcassets in Resources */ = {isa = PBXBuildFile; fileRef = 11B29CBF2817ED5000A32126 /* Assets.xcassets */; };
		11B29CC32817ED5000A32126 /* LaunchScreen.storyboard in Resources */ = {isa = PBXBuildFile; fileRef = 11B29CC12817ED5000A32126 /* LaunchScreen.storyboard */; };
		11B29CCF2817F06300A32126 /* Gradient.swift in Sources */ = {isa = PBXBuildFile; fileRef = 11B29CCE2817F06300A32126 /* Gradient.swift */; };
		11B29CD328180D8F00A32126 /* AuthController.swift in Sources */ = {isa = PBXBuildFile; fileRef = 11B29CD228180D8F00A32126 /* AuthController.swift */; };
		11B29CF02818156900A32126 /* Alamofire.framework in Frameworks */ = {isa = PBXBuildFile; fileRef = 11B29CE02818149B00A32126 /* Alamofire.framework */; platformFilter = ios; };
		11B29CF12818156900A32126 /* Alamofire.framework in Embed Frameworks */ = {isa = PBXBuildFile; fileRef = 11B29CE02818149B00A32126 /* Alamofire.framework */; settings = {ATTRIBUTES = (CodeSignOnCopy, RemoveHeadersOnCopy, ); }; };
		11CDB807281E930B00B3C3AF /* FlowController.swift in Sources */ = {isa = PBXBuildFile; fileRef = 11CDB806281E930B00B3C3AF /* FlowController.swift */; };
		11CFE573281832F30070A365 /* Api.swift in Sources */ = {isa = PBXBuildFile; fileRef = 11CFE572281832F30070A365 /* Api.swift */; };
/* End PBXBuildFile section */

/* Begin PBXContainerItemProxy section */
		11B29CDF2818149B00A32126 /* PBXContainerItemProxy */ = {
			isa = PBXContainerItemProxy;
			containerPortal = 11B29CD42818149B00A32126 /* Alamofire.xcodeproj */;
			proxyType = 2;
			remoteGlobalIDString = F8111E3319A95C8B0040E7D1;
			remoteInfo = "Alamofire iOS";
		};
		11B29CE12818149B00A32126 /* PBXContainerItemProxy */ = {
			isa = PBXContainerItemProxy;
			containerPortal = 11B29CD42818149B00A32126 /* Alamofire.xcodeproj */;
			proxyType = 2;
			remoteGlobalIDString = F8111E3E19A95C8B0040E7D1;
			remoteInfo = "Alamofire iOS Tests";
		};
		11B29CE32818149B00A32126 /* PBXContainerItemProxy */ = {
			isa = PBXContainerItemProxy;
			containerPortal = 11B29CD42818149B00A32126 /* Alamofire.xcodeproj */;
			proxyType = 2;
			remoteGlobalIDString = 4DD67C0B1A5C55C900ED2280;
			remoteInfo = "Alamofire macOS";
		};
		11B29CE52818149B00A32126 /* PBXContainerItemProxy */ = {
			isa = PBXContainerItemProxy;
			containerPortal = 11B29CD42818149B00A32126 /* Alamofire.xcodeproj */;
			proxyType = 2;
			remoteGlobalIDString = F829C6B21A7A94F100A2CD59;
			remoteInfo = "Alamofire macOS Tests";
		};
		11B29CE72818149B00A32126 /* PBXContainerItemProxy */ = {
			isa = PBXContainerItemProxy;
			containerPortal = 11B29CD42818149B00A32126 /* Alamofire.xcodeproj */;
			proxyType = 2;
			remoteGlobalIDString = 4CF626EF1BA7CB3E0011A099;
			remoteInfo = "Alamofire tvOS";
		};
		11B29CE92818149B00A32126 /* PBXContainerItemProxy */ = {
			isa = PBXContainerItemProxy;
			containerPortal = 11B29CD42818149B00A32126 /* Alamofire.xcodeproj */;
			proxyType = 2;
			remoteGlobalIDString = 4CF626F81BA7CB3E0011A099;
			remoteInfo = "Alamofire tvOS Tests";
		};
		11B29CEB2818149B00A32126 /* PBXContainerItemProxy */ = {
			isa = PBXContainerItemProxy;
			containerPortal = 11B29CD42818149B00A32126 /* Alamofire.xcodeproj */;
			proxyType = 2;
			remoteGlobalIDString = E4202FE01B667AA100C997FB;
			remoteInfo = "Alamofire watchOS";
		};
		11B29CED2818149B00A32126 /* PBXContainerItemProxy */ = {
			isa = PBXContainerItemProxy;
			containerPortal = 11B29CD42818149B00A32126 /* Alamofire.xcodeproj */;
			proxyType = 2;
			remoteGlobalIDString = 31293065263E17D600473CEA;
			remoteInfo = "Alamofire watchOS Tests";
		};
/* End PBXContainerItemProxy section */

/* Begin PBXCopyFilesBuildPhase section */
		11B29CF22818156900A32126 /* Embed Frameworks */ = {
			isa = PBXCopyFilesBuildPhase;
			buildActionMask = 2147483647;
			dstPath = "";
			dstSubfolderSpec = 10;
			files = (
				11B29CF12818156900A32126 /* Alamofire.framework in Embed Frameworks */,
			);
			name = "Embed Frameworks";
			runOnlyForDeploymentPostprocessing = 0;
		};
/* End PBXCopyFilesBuildPhase section */

/* Begin PBXFileReference section */
		116D93D22819F87300FD765C /* CustomTextView.swift */ = {isa = PBXFileReference; lastKnownFileType = sourcecode.swift; path = CustomTextView.swift; sourceTree = "<group>"; };
		116D93DC2819F87300FD765C /* ExtensionViewEditor.swift */ = {isa = PBXFileReference; lastKnownFileType = sourcecode.swift; path = ExtensionViewEditor.swift; sourceTree = "<group>"; };
		116E335228194E92000D6BBF /* UserAction.swift */ = {isa = PBXFileReference; lastKnownFileType = sourcecode.swift; path = UserAction.swift; sourceTree = "<group>"; };
		116E335428195047000D6BBF /* Types.swift */ = {isa = PBXFileReference; lastKnownFileType = sourcecode.swift; path = Types.swift; sourceTree = "<group>"; };
		116E33572819562C000D6BBF /* Store.swift */ = {isa = PBXFileReference; lastKnownFileType = sourcecode.swift; path = Store.swift; sourceTree = "<group>"; };
		1170275F281D00E7003B445D /* CustomTableView.swift */ = {isa = PBXFileReference; lastKnownFileType = sourcecode.swift; path = CustomTableView.swift; sourceTree = "<group>"; };
		11702769281D1E54003B445D /* MainContainerController.swift */ = {isa = PBXFileReference; lastKnownFileType = sourcecode.swift; path = MainContainerController.swift; sourceTree = "<group>"; };
		1176AFBE281AEAC600B0B372 /* AboutYouController.swift */ = {isa = PBXFileReference; lastKnownFileType = sourcecode.swift; path = AboutYouController.swift; sourceTree = "<group>"; };
		1184C28C281B140500945E9D /* ExtensionForTextView.swift */ = {isa = PBXFileReference; lastKnownFileType = sourcecode.swift; path = ExtensionForTextView.swift; sourceTree = "<group>"; };
		118A1767281D7ADF007B3EAD /* ProfileController.swift */ = {isa = PBXFileReference; lastKnownFileType = sourcecode.swift; path = ProfileController.swift; sourceTree = "<group>"; };
		118A1771281D80B4007B3EAD /* LabelTableView.swift */ = {isa = PBXFileReference; lastKnownFileType = sourcecode.swift; path = LabelTableView.swift; sourceTree = "<group>"; };
		118EED7F2823272E00113520 /* UserViewCell.swift */ = {isa = PBXFileReference; lastKnownFileType = sourcecode.swift; path = UserViewCell.swift; sourceTree = "<group>"; };
		118EED802823272E00113520 /* UserViewCell.xib */ = {isa = PBXFileReference; lastKnownFileType = file.xib; path = UserViewCell.xib; sourceTree = "<group>"; };
		118EED832823272E00113520 /* UserCollectionController.swift */ = {isa = PBXFileReference; lastKnownFileType = sourcecode.swift; path = UserCollectionController.swift; sourceTree = "<group>"; };
		11B29CB32817ED4D00A32126 /* ITinder.app */ = {isa = PBXFileReference; explicitFileType = wrapper.application; includeInIndex = 0; path = ITinder.app; sourceTree = BUILT_PRODUCTS_DIR; };
		11B29CB62817ED4D00A32126 /* AppDelegate.swift */ = {isa = PBXFileReference; lastKnownFileType = sourcecode.swift; path = AppDelegate.swift; sourceTree = "<group>"; };
		11B29CB82817ED4D00A32126 /* SceneDelegate.swift */ = {isa = PBXFileReference; lastKnownFileType = sourcecode.swift; path = SceneDelegate.swift; sourceTree = "<group>"; };
		11B29CBA2817ED4D00A32126 /* ViewController.swift */ = {isa = PBXFileReference; lastKnownFileType = sourcecode.swift; path = ViewController.swift; sourceTree = "<group>"; };
		11B29CBD2817ED4D00A32126 /* Base */ = {isa = PBXFileReference; lastKnownFileType = file.storyboard; name = Base; path = Base.lproj/Main.storyboard; sourceTree = "<group>"; };
		11B29CBF2817ED5000A32126 /* Assets.xcassets */ = {isa = PBXFileReference; lastKnownFileType = folder.assetcatalog; path = Assets.xcassets; sourceTree = "<group>"; };
		11B29CC22817ED5000A32126 /* Base */ = {isa = PBXFileReference; lastKnownFileType = file.storyboard; name = Base; path = Base.lproj/LaunchScreen.storyboard; sourceTree = "<group>"; };
		11B29CC42817ED5000A32126 /* Info.plist */ = {isa = PBXFileReference; lastKnownFileType = text.plist.xml; path = Info.plist; sourceTree = "<group>"; };
		11B29CCE2817F06300A32126 /* Gradient.swift */ = {isa = PBXFileReference; lastKnownFileType = sourcecode.swift; path = Gradient.swift; sourceTree = "<group>"; };
		11B29CD228180D8F00A32126 /* AuthController.swift */ = {isa = PBXFileReference; lastKnownFileType = sourcecode.swift; path = AuthController.swift; sourceTree = "<group>"; };
		11B29CD42818149B00A32126 /* Alamofire.xcodeproj */ = {isa = PBXFileReference; lastKnownFileType = "wrapper.pb-project"; name = Alamofire.xcodeproj; path = Alamofire/Alamofire.xcodeproj; sourceTree = SOURCE_ROOT; };
		11CDB806281E930B00B3C3AF /* FlowController.swift */ = {isa = PBXFileReference; lastKnownFileType = sourcecode.swift; path = FlowController.swift; sourceTree = "<group>"; };
		11CFE572281832F30070A365 /* Api.swift */ = {isa = PBXFileReference; lastKnownFileType = sourcecode.swift; path = Api.swift; sourceTree = "<group>"; };
/* End PBXFileReference section */

/* Begin PBXFrameworksBuildPhase section */
		11B29CB02817ED4D00A32126 /* Frameworks */ = {
			isa = PBXFrameworksBuildPhase;
			buildActionMask = 2147483647;
			files = (
				116D93C82819F87300FD765C /* Kingfisher in Frameworks */,
				11B29CF02818156900A32126 /* Alamofire.framework in Frameworks */,
				11768D9E28195DF600B68C3D /* ReSwift in Frameworks */,
			);
			runOnlyForDeploymentPostprocessing = 0;
		};
/* End PBXFrameworksBuildPhase section */

/* Begin PBXGroup section */
		116E334928194E7E000D6BBF /* Action */ = {
			isa = PBXGroup;
			children = (
				116E335228194E92000D6BBF /* UserAction.swift */,
			);
			path = Action;
			sourceTree = "<group>";
		};
		116E335628195615000D6BBF /* Store */ = {
			isa = PBXGroup;
			children = (
				116E334928194E7E000D6BBF /* Action */,
				116E33572819562C000D6BBF /* Store.swift */,
			);
			path = Store;
			sourceTree = "<group>";
		};
		118EED762823272E00113520 /* Cells */ = {
			isa = PBXGroup;
			children = (
				118EED7F2823272E00113520 /* UserViewCell.swift */,
				118EED802823272E00113520 /* UserViewCell.xib */,
			);
			path = Cells;
			sourceTree = "<group>";
		};
		11B29CAA2817ED4D00A32126 = {
			isa = PBXGroup;
			children = (
				11B29CB52817ED4D00A32126 /* ITinder */,
				11B29CB42817ED4D00A32126 /* Products */,
				11B29CEF2818156900A32126 /* Frameworks */,
			);
			sourceTree = "<group>";
		};
		11B29CB42817ED4D00A32126 /* Products */ = {
			isa = PBXGroup;
			children = (
				11B29CB32817ED4D00A32126 /* ITinder.app */,
			);
			name = Products;
			sourceTree = "<group>";
		};
		11B29CB52817ED4D00A32126 /* ITinder */ = {
			isa = PBXGroup;
			children = (
				118EED762823272E00113520 /* Cells */,
				116E335628195615000D6BBF /* Store */,
				11CFE569281832CF0070A365 /* API */,
				11B29CCD2817F04600A32126 /* Helpers */,
				11B29CCA2817EFCD00A32126 /* Controllers */,
				11B29CB62817ED4D00A32126 /* AppDelegate.swift */,
				11B29CB82817ED4D00A32126 /* SceneDelegate.swift */,
				11B29CBA2817ED4D00A32126 /* ViewController.swift */,
				11B29CBC2817ED4D00A32126 /* Main.storyboard */,
				11B29CBF2817ED5000A32126 /* Assets.xcassets */,
				11B29CC12817ED5000A32126 /* LaunchScreen.storyboard */,
				11B29CC42817ED5000A32126 /* Info.plist */,
				11B29CD42818149B00A32126 /* Alamofire.xcodeproj */,
			);
			path = ITinder;
			sourceTree = "<group>";
		};
		11B29CCA2817EFCD00A32126 /* Controllers */ = {
			isa = PBXGroup;
			children = (
				118EED832823272E00113520 /* UserCollectionController.swift */,
				11B29CD228180D8F00A32126 /* AuthController.swift */,
				1176AFBE281AEAC600B0B372 /* AboutYouController.swift */,
				11702769281D1E54003B445D /* MainContainerController.swift */,
				118A1767281D7ADF007B3EAD /* ProfileController.swift */,
				11CDB806281E930B00B3C3AF /* FlowController.swift */,
			);
			path = Controllers;
			sourceTree = "<group>";
		};
		11B29CCD2817F04600A32126 /* Helpers */ = {
			isa = PBXGroup;
			children = (
				11B29CCE2817F06300A32126 /* Gradient.swift */,
				116D93D22819F87300FD765C /* CustomTextView.swift */,
				116D93DC2819F87300FD765C /* ExtensionViewEditor.swift */,
				1184C28C281B140500945E9D /* ExtensionForTextView.swift */,
				1170275F281D00E7003B445D /* CustomTableView.swift */,
				118A1771281D80B4007B3EAD /* LabelTableView.swift */,
			);
			path = Helpers;
			sourceTree = "<group>";
		};
		11B29CD52818149B00A32126 /* Products */ = {
			isa = PBXGroup;
			children = (
				11B29CE02818149B00A32126 /* Alamofire.framework */,
				11B29CE22818149B00A32126 /* Alamofire iOS Tests.xctest */,
				11B29CE42818149B00A32126 /* Alamofire.framework */,
				11B29CE62818149B00A32126 /* Alamofire macOS Tests.xctest */,
				11B29CE82818149B00A32126 /* Alamofire.framework */,
				11B29CEA2818149B00A32126 /* Alamofire tvOS Tests.xctest */,
				11B29CEC2818149B00A32126 /* Alamofire.framework */,
				11B29CEE2818149B00A32126 /* Alamofire watchOS Tests.xctest */,
			);
			name = Products;
			sourceTree = "<group>";
		};
		11B29CEF2818156900A32126 /* Frameworks */ = {
			isa = PBXGroup;
			children = (
			);
			name = Frameworks;
			sourceTree = "<group>";
		};
		11CFE569281832CF0070A365 /* API */ = {
			isa = PBXGroup;
			children = (
				11CFE572281832F30070A365 /* Api.swift */,
				116E335428195047000D6BBF /* Types.swift */,
			);
			path = API;
			sourceTree = "<group>";
		};
/* End PBXGroup section */

/* Begin PBXNativeTarget section */
		11B29CB22817ED4D00A32126 /* ITinder */ = {
			isa = PBXNativeTarget;
			buildConfigurationList = 11B29CC72817ED5000A32126 /* Build configuration list for PBXNativeTarget "ITinder" */;
			buildPhases = (
				11B29CAF2817ED4D00A32126 /* Sources */,
				11B29CB02817ED4D00A32126 /* Frameworks */,
				11B29CB12817ED4D00A32126 /* Resources */,
				11B29CF22818156900A32126 /* Embed Frameworks */,
			);
			buildRules = (
			);
			dependencies = (
			);
			name = ITinder;
			packageProductDependencies = (
				11768D9D28195DF600B68C3D /* ReSwift */,
				116D93C72819F87300FD765C /* Kingfisher */,
			);
			productName = ITinder;
			productReference = 11B29CB32817ED4D00A32126 /* ITinder.app */;
			productType = "com.apple.product-type.application";
		};
/* End PBXNativeTarget section */

/* Begin PBXProject section */
		11B29CAB2817ED4D00A32126 /* Project object */ = {
			isa = PBXProject;
			attributes = {
				BuildIndependentTargetsInParallel = 1;
				LastSwiftUpdateCheck = 1320;
				LastUpgradeCheck = 1320;
				TargetAttributes = {
					11B29CB22817ED4D00A32126 = {
						CreatedOnToolsVersion = 13.2.1;
					};
				};
			};
			buildConfigurationList = 11B29CAE2817ED4D00A32126 /* Build configuration list for PBXProject "ITinder" */;
			compatibilityVersion = "Xcode 13.0";
			developmentRegion = en;
			hasScannedForEncodings = 0;
			knownRegions = (
				en,
				Base,
			);
			mainGroup = 11B29CAA2817ED4D00A32126;
			packageReferences = (
				11768D9C28195DF600B68C3D /* XCRemoteSwiftPackageReference "ReSwift" */,
				116D93C62819F87300FD765C /* XCRemoteSwiftPackageReference "Kingfisher" */,
			);
			productRefGroup = 11B29CB42817ED4D00A32126 /* Products */;
			projectDirPath = "";
			projectReferences = (
				{
					ProductGroup = 11B29CD52818149B00A32126 /* Products */;
					ProjectRef = 11B29CD42818149B00A32126 /* Alamofire.xcodeproj */;
				},
			);
			projectRoot = "";
			targets = (
				11B29CB22817ED4D00A32126 /* ITinder */,
			);
		};
/* End PBXProject section */

/* Begin PBXReferenceProxy section */
		11B29CE02818149B00A32126 /* Alamofire.framework */ = {
			isa = PBXReferenceProxy;
			fileType = wrapper.framework;
			path = Alamofire.framework;
			remoteRef = 11B29CDF2818149B00A32126 /* PBXContainerItemProxy */;
			sourceTree = BUILT_PRODUCTS_DIR;
		};
		11B29CE22818149B00A32126 /* Alamofire iOS Tests.xctest */ = {
			isa = PBXReferenceProxy;
			fileType = wrapper.cfbundle;
			path = "Alamofire iOS Tests.xctest";
			remoteRef = 11B29CE12818149B00A32126 /* PBXContainerItemProxy */;
			sourceTree = BUILT_PRODUCTS_DIR;
		};
		11B29CE42818149B00A32126 /* Alamofire.framework */ = {
			isa = PBXReferenceProxy;
			fileType = wrapper.framework;
			path = Alamofire.framework;
			remoteRef = 11B29CE32818149B00A32126 /* PBXContainerItemProxy */;
			sourceTree = BUILT_PRODUCTS_DIR;
		};
		11B29CE62818149B00A32126 /* Alamofire macOS Tests.xctest */ = {
			isa = PBXReferenceProxy;
			fileType = wrapper.cfbundle;
			path = "Alamofire macOS Tests.xctest";
			remoteRef = 11B29CE52818149B00A32126 /* PBXContainerItemProxy */;
			sourceTree = BUILT_PRODUCTS_DIR;
		};
		11B29CE82818149B00A32126 /* Alamofire.framework */ = {
			isa = PBXReferenceProxy;
			fileType = wrapper.framework;
			path = Alamofire.framework;
			remoteRef = 11B29CE72818149B00A32126 /* PBXContainerItemProxy */;
			sourceTree = BUILT_PRODUCTS_DIR;
		};
		11B29CEA2818149B00A32126 /* Alamofire tvOS Tests.xctest */ = {
			isa = PBXReferenceProxy;
			fileType = wrapper.cfbundle;
			path = "Alamofire tvOS Tests.xctest";
			remoteRef = 11B29CE92818149B00A32126 /* PBXContainerItemProxy */;
			sourceTree = BUILT_PRODUCTS_DIR;
		};
		11B29CEC2818149B00A32126 /* Alamofire.framework */ = {
			isa = PBXReferenceProxy;
			fileType = wrapper.framework;
			path = Alamofire.framework;
			remoteRef = 11B29CEB2818149B00A32126 /* PBXContainerItemProxy */;
			sourceTree = BUILT_PRODUCTS_DIR;
		};
		11B29CEE2818149B00A32126 /* Alamofire watchOS Tests.xctest */ = {
			isa = PBXReferenceProxy;
			fileType = wrapper.cfbundle;
			path = "Alamofire watchOS Tests.xctest";
			remoteRef = 11B29CED2818149B00A32126 /* PBXContainerItemProxy */;
			sourceTree = BUILT_PRODUCTS_DIR;
		};
/* End PBXReferenceProxy section */

/* Begin PBXResourcesBuildPhase section */
		11B29CB12817ED4D00A32126 /* Resources */ = {
			isa = PBXResourcesBuildPhase;
			buildActionMask = 2147483647;
			files = (
				11B29CC32817ED5000A32126 /* LaunchScreen.storyboard in Resources */,
				11B29CC02817ED5000A32126 /* Assets.xcassets in Resources */,
				11B29CBE2817ED4D00A32126 /* Main.storyboard in Resources */,
				118EED822823272E00113520 /* UserViewCell.xib in Resources */,
			);
			runOnlyForDeploymentPostprocessing = 0;
		};
/* End PBXResourcesBuildPhase section */

/* Begin PBXSourcesBuildPhase section */
		11B29CAF2817ED4D00A32126 /* Sources */ = {
			isa = PBXSourcesBuildPhase;
			buildActionMask = 2147483647;
			files = (
				11CFE573281832F30070A365 /* Api.swift in Sources */,
				11B29CCF2817F06300A32126 /* Gradient.swift in Sources */,
				11B29CBB2817ED4D00A32126 /* ViewController.swift in Sources */,
				118A1772281D80B4007B3EAD /* LabelTableView.swift in Sources */,
				1176AFBF281AEAC600B0B372 /* AboutYouController.swift in Sources */,
				11702760281D00E7003B445D /* CustomTableView.swift in Sources */,
				1184C28D281B140500945E9D /* ExtensionForTextView.swift in Sources */,
				1170276A281D1E54003B445D /* MainContainerController.swift in Sources */,
				118EED842823272E00113520 /* UserCollectionController.swift in Sources */,
				118A1768281D7ADF007B3EAD /* ProfileController.swift in Sources */,
				116E33582819562C000D6BBF /* Store.swift in Sources */,
				118EED812823272E00113520 /* UserViewCell.swift in Sources */,
				116E335528195047000D6BBF /* Types.swift in Sources */,
				11CDB807281E930B00B3C3AF /* FlowController.swift in Sources */,
				11B29CD328180D8F00A32126 /* AuthController.swift in Sources */,
				116D93D32819F87300FD765C /* CustomTextView.swift in Sources */,
				11B29CB72817ED4D00A32126 /* AppDelegate.swift in Sources */,
				116E335328194E92000D6BBF /* UserAction.swift in Sources */,
				116D93DD2819F87300FD765C /* ExtensionViewEditor.swift in Sources */,
				11B29CB92817ED4D00A32126 /* SceneDelegate.swift in Sources */,
			);
			runOnlyForDeploymentPostprocessing = 0;
		};
/* End PBXSourcesBuildPhase section */

/* Begin PBXVariantGroup section */
		11B29CBC2817ED4D00A32126 /* Main.storyboard */ = {
			isa = PBXVariantGroup;
			children = (
				11B29CBD2817ED4D00A32126 /* Base */,
			);
			name = Main.storyboard;
			sourceTree = "<group>";
		};
		11B29CC12817ED5000A32126 /* LaunchScreen.storyboard */ = {
			isa = PBXVariantGroup;
			children = (
				11B29CC22817ED5000A32126 /* Base */,
			);
			name = LaunchScreen.storyboard;
			sourceTree = "<group>";
		};
/* End PBXVariantGroup section */

/* Begin XCBuildConfiguration section */
		11B29CC52817ED5000A32126 /* Debug */ = {
			isa = XCBuildConfiguration;
			buildSettings = {
				ALWAYS_SEARCH_USER_PATHS = NO;
				CLANG_ANALYZER_NONNULL = YES;
				CLANG_ANALYZER_NUMBER_OBJECT_CONVERSION = YES_AGGRESSIVE;
				CLANG_CXX_LANGUAGE_STANDARD = "gnu++17";
				CLANG_CXX_LIBRARY = "libc++";
				CLANG_ENABLE_MODULES = YES;
				CLANG_ENABLE_OBJC_ARC = YES;
				CLANG_ENABLE_OBJC_WEAK = YES;
				CLANG_WARN_BLOCK_CAPTURE_AUTORELEASING = YES;
				CLANG_WARN_BOOL_CONVERSION = YES;
				CLANG_WARN_COMMA = YES;
				CLANG_WARN_CONSTANT_CONVERSION = YES;
				CLANG_WARN_DEPRECATED_OBJC_IMPLEMENTATIONS = YES;
				CLANG_WARN_DIRECT_OBJC_ISA_USAGE = YES_ERROR;
				CLANG_WARN_DOCUMENTATION_COMMENTS = YES;
				CLANG_WARN_EMPTY_BODY = YES;
				CLANG_WARN_ENUM_CONVERSION = YES;
				CLANG_WARN_INFINITE_RECURSION = YES;
				CLANG_WARN_INT_CONVERSION = YES;
				CLANG_WARN_NON_LITERAL_NULL_CONVERSION = YES;
				CLANG_WARN_OBJC_IMPLICIT_RETAIN_SELF = YES;
				CLANG_WARN_OBJC_LITERAL_CONVERSION = YES;
				CLANG_WARN_OBJC_ROOT_CLASS = YES_ERROR;
				CLANG_WARN_QUOTED_INCLUDE_IN_FRAMEWORK_HEADER = YES;
				CLANG_WARN_RANGE_LOOP_ANALYSIS = YES;
				CLANG_WARN_STRICT_PROTOTYPES = YES;
				CLANG_WARN_SUSPICIOUS_MOVE = YES;
				CLANG_WARN_UNGUARDED_AVAILABILITY = YES_AGGRESSIVE;
				CLANG_WARN_UNREACHABLE_CODE = YES;
				CLANG_WARN__DUPLICATE_METHOD_MATCH = YES;
				COPY_PHASE_STRIP = NO;
				DEBUG_INFORMATION_FORMAT = dwarf;
				ENABLE_STRICT_OBJC_MSGSEND = YES;
				ENABLE_TESTABILITY = YES;
				GCC_C_LANGUAGE_STANDARD = gnu11;
				GCC_DYNAMIC_NO_PIC = NO;
				GCC_NO_COMMON_BLOCKS = YES;
				GCC_OPTIMIZATION_LEVEL = 0;
				GCC_PREPROCESSOR_DEFINITIONS = (
					"DEBUG=1",
					"$(inherited)",
				);
				GCC_WARN_64_TO_32_BIT_CONVERSION = YES;
				GCC_WARN_ABOUT_RETURN_TYPE = YES_ERROR;
				GCC_WARN_UNDECLARED_SELECTOR = YES;
				GCC_WARN_UNINITIALIZED_AUTOS = YES_AGGRESSIVE;
				GCC_WARN_UNUSED_FUNCTION = YES;
				GCC_WARN_UNUSED_VARIABLE = YES;
				IPHONEOS_DEPLOYMENT_TARGET = 15.2;
				MTL_ENABLE_DEBUG_INFO = INCLUDE_SOURCE;
				MTL_FAST_MATH = YES;
				ONLY_ACTIVE_ARCH = YES;
				SDKROOT = iphoneos;
				SWIFT_ACTIVE_COMPILATION_CONDITIONS = DEBUG;
				SWIFT_OPTIMIZATION_LEVEL = "-Onone";
			};
			name = Debug;
		};
		11B29CC62817ED5000A32126 /* Release */ = {
			isa = XCBuildConfiguration;
			buildSettings = {
				ALWAYS_SEARCH_USER_PATHS = NO;
				CLANG_ANALYZER_NONNULL = YES;
				CLANG_ANALYZER_NUMBER_OBJECT_CONVERSION = YES_AGGRESSIVE;
				CLANG_CXX_LANGUAGE_STANDARD = "gnu++17";
				CLANG_CXX_LIBRARY = "libc++";
				CLANG_ENABLE_MODULES = YES;
				CLANG_ENABLE_OBJC_ARC = YES;
				CLANG_ENABLE_OBJC_WEAK = YES;
				CLANG_WARN_BLOCK_CAPTURE_AUTORELEASING = YES;
				CLANG_WARN_BOOL_CONVERSION = YES;
				CLANG_WARN_COMMA = YES;
				CLANG_WARN_CONSTANT_CONVERSION = YES;
				CLANG_WARN_DEPRECATED_OBJC_IMPLEMENTATIONS = YES;
				CLANG_WARN_DIRECT_OBJC_ISA_USAGE = YES_ERROR;
				CLANG_WARN_DOCUMENTATION_COMMENTS = YES;
				CLANG_WARN_EMPTY_BODY = YES;
				CLANG_WARN_ENUM_CONVERSION = YES;
				CLANG_WARN_INFINITE_RECURSION = YES;
				CLANG_WARN_INT_CONVERSION = YES;
				CLANG_WARN_NON_LITERAL_NULL_CONVERSION = YES;
				CLANG_WARN_OBJC_IMPLICIT_RETAIN_SELF = YES;
				CLANG_WARN_OBJC_LITERAL_CONVERSION = YES;
				CLANG_WARN_OBJC_ROOT_CLASS = YES_ERROR;
				CLANG_WARN_QUOTED_INCLUDE_IN_FRAMEWORK_HEADER = YES;
				CLANG_WARN_RANGE_LOOP_ANALYSIS = YES;
				CLANG_WARN_STRICT_PROTOTYPES = YES;
				CLANG_WARN_SUSPICIOUS_MOVE = YES;
				CLANG_WARN_UNGUARDED_AVAILABILITY = YES_AGGRESSIVE;
				CLANG_WARN_UNREACHABLE_CODE = YES;
				CLANG_WARN__DUPLICATE_METHOD_MATCH = YES;
				COPY_PHASE_STRIP = NO;
				DEBUG_INFORMATION_FORMAT = "dwarf-with-dsym";
				ENABLE_NS_ASSERTIONS = NO;
				ENABLE_STRICT_OBJC_MSGSEND = YES;
				GCC_C_LANGUAGE_STANDARD = gnu11;
				GCC_NO_COMMON_BLOCKS = YES;
				GCC_WARN_64_TO_32_BIT_CONVERSION = YES;
				GCC_WARN_ABOUT_RETURN_TYPE = YES_ERROR;
				GCC_WARN_UNDECLARED_SELECTOR = YES;
				GCC_WARN_UNINITIALIZED_AUTOS = YES_AGGRESSIVE;
				GCC_WARN_UNUSED_FUNCTION = YES;
				GCC_WARN_UNUSED_VARIABLE = YES;
				IPHONEOS_DEPLOYMENT_TARGET = 15.2;
				MTL_ENABLE_DEBUG_INFO = NO;
				MTL_FAST_MATH = YES;
				SDKROOT = iphoneos;
				SWIFT_COMPILATION_MODE = wholemodule;
				SWIFT_OPTIMIZATION_LEVEL = "-O";
				VALIDATE_PRODUCT = YES;
			};
			name = Release;
		};
		11B29CC82817ED5000A32126 /* Debug */ = {
			isa = XCBuildConfiguration;
			buildSettings = {
				ASSETCATALOG_COMPILER_APPICON_NAME = AppIcon;
				ASSETCATALOG_COMPILER_GLOBAL_ACCENT_COLOR_NAME = AccentColor;
				CODE_SIGN_STYLE = Automatic;
				CURRENT_PROJECT_VERSION = 1;
				GENERATE_INFOPLIST_FILE = YES;
				INFOPLIST_FILE = ITinder/Info.plist;
				INFOPLIST_KEY_NSCameraUsageDescription = "The app want your camera photos";
				INFOPLIST_KEY_NSPhotoLibraryUsageDescription = "The app want your Library photos";
				INFOPLIST_KEY_UIApplicationSupportsIndirectInputEvents = YES;
				INFOPLIST_KEY_UILaunchStoryboardName = LaunchScreen;
				INFOPLIST_KEY_UIMainStoryboardFile = Main;
				INFOPLIST_KEY_UISupportedInterfaceOrientations = UIInterfaceOrientationPortrait;
				INFOPLIST_KEY_UISupportedInterfaceOrientations_iPad = "UIInterfaceOrientationPortrait UIInterfaceOrientationPortraitUpsideDown UIInterfaceOrientationLandscapeLeft UIInterfaceOrientationLandscapeRight";
				INFOPLIST_KEY_UISupportedInterfaceOrientations_iPhone = "UIInterfaceOrientationPortrait UIInterfaceOrientationLandscapeLeft UIInterfaceOrientationLandscapeRight";
				LD_RUNPATH_SEARCH_PATHS = (
					"$(inherited)",
					"@executable_path/Frameworks",
				);
				MARKETING_VERSION = 1.0;
				PRODUCT_BUNDLE_IDENTIFIER = Me.ITinder;
				PRODUCT_NAME = "$(TARGET_NAME)";
				SWIFT_EMIT_LOC_STRINGS = YES;
				SWIFT_VERSION = 5.0;
				TARGETED_DEVICE_FAMILY = "1,2";
			};
			name = Debug;
		};
		11B29CC92817ED5000A32126 /* Release */ = {
			isa = XCBuildConfiguration;
			buildSettings = {
				ASSETCATALOG_COMPILER_APPICON_NAME = AppIcon;
				ASSETCATALOG_COMPILER_GLOBAL_ACCENT_COLOR_NAME = AccentColor;
				CODE_SIGN_STYLE = Automatic;
				CURRENT_PROJECT_VERSION = 1;
				GENERATE_INFOPLIST_FILE = YES;
				INFOPLIST_FILE = ITinder/Info.plist;
				INFOPLIST_KEY_NSCameraUsageDescription = "The app want your camera photos";
				INFOPLIST_KEY_NSPhotoLibraryUsageDescription = "The app want your Library photos";
				INFOPLIST_KEY_UIApplicationSupportsIndirectInputEvents = YES;
				INFOPLIST_KEY_UILaunchStoryboardName = LaunchScreen;
				INFOPLIST_KEY_UIMainStoryboardFile = Main;
				INFOPLIST_KEY_UISupportedInterfaceOrientations = UIInterfaceOrientationPortrait;
				INFOPLIST_KEY_UISupportedInterfaceOrientations_iPad = "UIInterfaceOrientationPortrait UIInterfaceOrientationPortraitUpsideDown UIInterfaceOrientationLandscapeLeft UIInterfaceOrientationLandscapeRight";
				INFOPLIST_KEY_UISupportedInterfaceOrientations_iPhone = "UIInterfaceOrientationPortrait UIInterfaceOrientationLandscapeLeft UIInterfaceOrientationLandscapeRight";
				LD_RUNPATH_SEARCH_PATHS = (
					"$(inherited)",
					"@executable_path/Frameworks",
				);
				MARKETING_VERSION = 1.0;
				PRODUCT_BUNDLE_IDENTIFIER = Me.ITinder;
				PRODUCT_NAME = "$(TARGET_NAME)";
				SWIFT_EMIT_LOC_STRINGS = YES;
				SWIFT_VERSION = 5.0;
				TARGETED_DEVICE_FAMILY = "1,2";
			};
			name = Release;
		};
/* End XCBuildConfiguration section */

/* Begin XCConfigurationList section */
		11B29CAE2817ED4D00A32126 /* Build configuration list for PBXProject "ITinder" */ = {
			isa = XCConfigurationList;
			buildConfigurations = (
				11B29CC52817ED5000A32126 /* Debug */,
				11B29CC62817ED5000A32126 /* Release */,
			);
			defaultConfigurationIsVisible = 0;
			defaultConfigurationName = Release;
		};
		11B29CC72817ED5000A32126 /* Build configuration list for PBXNativeTarget "ITinder" */ = {
			isa = XCConfigurationList;
			buildConfigurations = (
				11B29CC82817ED5000A32126 /* Debug */,
				11B29CC92817ED5000A32126 /* Release */,
			);
			defaultConfigurationIsVisible = 0;
			defaultConfigurationName = Release;
		};
/* End XCConfigurationList section */

/* Begin XCRemoteSwiftPackageReference section */
		116D93C62819F87300FD765C /* XCRemoteSwiftPackageReference "Kingfisher" */ = {
			isa = XCRemoteSwiftPackageReference;
			repositoryURL = "https://github.com/onevcat/Kingfisher.git";
			requirement = {
				kind = upToNextMajorVersion;
				minimumVersion = 7.0.0;
			};
		};
		11768D9C28195DF600B68C3D /* XCRemoteSwiftPackageReference "ReSwift" */ = {
			isa = XCRemoteSwiftPackageReference;
			repositoryURL = "https://github.com/ReSwift/ReSwift.git";
			requirement = {
				kind = upToNextMajorVersion;
				minimumVersion = 6.0.0;
			};
		};
/* End XCRemoteSwiftPackageReference section */

/* Begin XCSwiftPackageProductDependency section */
		116D93C72819F87300FD765C /* Kingfisher */ = {
			isa = XCSwiftPackageProductDependency;
			package = 116D93C62819F87300FD765C /* XCRemoteSwiftPackageReference "Kingfisher" */;
			productName = Kingfisher;
		};
		11768D9D28195DF600B68C3D /* ReSwift */ = {
			isa = XCSwiftPackageProductDependency;
			package = 11768D9C28195DF600B68C3D /* XCRemoteSwiftPackageReference "ReSwift" */;
			productName = ReSwift;
		};
/* End XCSwiftPackageProductDependency section */
	};
	rootObject = 11B29CAB2817ED4D00A32126 /* Project object */;
}
